
Microsoft Visual Studio Solution File, Format Version 12.00
# Visual Studio Version 17
VisualStudioVersion = 17.3.32825.248
MinimumVisualStudioVersion = 10.0.40219.1
Project("{9A19103F-16F7-4668-BE54-9A1E7A4F7556}") = "Uppgift1", "Uppgift1\Uppgift1.csproj", "{59C10AEA-4AA4-43B1-8C1C-E79FEC8EB227}"
EndProject
Project("{9A19103F-16F7-4668-BE54-9A1E7A4F7556}") = "Uppgift2", "Uppgift2\Uppgift2.csproj", "{3AADFFAF-8239-42F2-BA32-B4D3F2450BA5}"
EndProject
Project("{9A19103F-16F7-4668-BE54-9A1E7A4F7556}") = "Uppgift3", "Uppgift3\Uppgift3.csproj", "{75A454EA-EC5A-4417-8AB5-2A08F7C4D65C}"
EndProject
Project("{9A19103F-16F7-4668-BE54-9A1E7A4F7556}") = "Uppgift4", "Uppgift4\Uppgift4.csproj", "{0DD5045D-802C-4458-AD35-DD3B814ECB7C}"
EndProject
Project("{9A19103F-16F7-4668-BE54-9A1E7A4F7556}") = "Uppgift5", "Uppgift5\Uppgift5.csproj", "{64270EDF-8B7E-4811-8B0B-37E1A26BE7F5}"
EndProject
Project("{9A19103F-16F7-4668-BE54-9A1E7A4F7556}") = "Uppgift6", "Uppgift6\Uppgift6.csproj", "{E74C3FB4-A23D-44DA-A749-0A7851EA23C8}"
EndProject
Project("{9A19103F-16F7-4668-BE54-9A1E7A4F7556}") = "Uppgift7", "Uppgift7\Uppgift7.csproj", "{80A698EB-7AE6-43EE-ADF5-6BBCA82D7E91}"
EndProject
Project("{9A19103F-16F7-4668-BE54-9A1E7A4F7556}") = "Uppgift8", "Uppgift8\Uppgift8.csproj", "{A6B8D658-B42A-438F-950F-042D7388F07A}"
EndProject
Project("{9A19103F-16F7-4668-BE54-9A1E7A4F7556}") = "Uppgift9", "Uppgift9\Uppgift9.csproj", "{D3D1B118-1657-460D-A683-E6C77910E387}"
EndProject
Project("{9A19103F-16F7-4668-BE54-9A1E7A4F7556}") = "Uppgift10", "Uppgift10\Uppgift10.csproj", "{5CE3BDA8-00A8-4934-9A78-2AD4BF0E9746}"
EndProject
Project("{9A19103F-16F7-4668-BE54-9A1E7A4F7556}") = "Uppgift11", "Uppgift11\Uppgift11.csproj", "{1BF6DF35-C38D-4A61-B238-ECCA3C4447B6}"
EndProject
Project("{9A19103F-16F7-4668-BE54-9A1E7A4F7556}") = "Uppgift12", "Uppgift12\Uppgift12.csproj", "{79307AA6-6EB7-4DDD-A7AD-60E88860E855}"
EndProject
Project("{9A19103F-16F7-4668-BE54-9A1E7A4F7556}") = "Uppgift13", "Uppgift13\Uppgift13.csproj", "{77E02B03-B105-442D-80F4-A55EEFE42F0D}"
EndProject
Project("{9A19103F-16F7-4668-BE54-9A1E7A4F7556}") = "Uppgift14", "Uppgift14\Uppgift14.csproj", "{92A6390C-A7AE-4C29-AD59-94826F05193F}"
EndProject
Project("{9A19103F-16F7-4668-BE54-9A1E7A4F7556}") = "Uppgift15", "Uppgift15\Uppgift15.csproj", "{79FB71C5-A67E-48CA-AB9E-FAF587FD058C}"
EndProject
Project("{9A19103F-16F7-4668-BE54-9A1E7A4F7556}") = "Uppgift15v2", "Uppgift15v2\Uppgift15v2.csproj", "{0970EFE2-42ED-45AD-9045-33313637BBD6}"
EndProject
Project("{9A19103F-16F7-4668-BE54-9A1E7A4F7556}") = "Uppgift16", "Uppgift16\Uppgift16.csproj", "{F92AE5AB-27F0-4B7D-8058-B95FBBE748D5}"
EndProject
Project("{9A19103F-16F7-4668-BE54-9A1E7A4F7556}") = "Uppgift17", "Uppgift17\Uppgift17.csproj", "{27690B05-E3A5-4654-8435-16878C93298A}"
EndProject
Project("{FAE04EC0-301F-11D3-BF4B-00C04F79EFBC}") = "HarryPotter", "HarryPotter\HarryPotter.csproj", "{424AADCF-5D60-49F1-BD06-B7128374EF77}"
EndProject
Global
	GlobalSection(SolutionConfigurationPlatforms) = preSolution
		Debug|Any CPU = Debug|Any CPU
		Release|Any CPU = Release|Any CPU
	EndGlobalSection
	GlobalSection(ProjectConfigurationPlatforms) = postSolution
		{59C10AEA-4AA4-43B1-8C1C-E79FEC8EB227}.Debug|Any CPU.ActiveCfg = Debug|Any CPU
		{59C10AEA-4AA4-43B1-8C1C-E79FEC8EB227}.Debug|Any CPU.Build.0 = Debug|Any CPU
		{59C10AEA-4AA4-43B1-8C1C-E79FEC8EB227}.Release|Any CPU.ActiveCfg = Release|Any CPU
		{59C10AEA-4AA4-43B1-8C1C-E79FEC8EB227}.Release|Any CPU.Build.0 = Release|Any CPU
		{3AADFFAF-8239-42F2-BA32-B4D3F2450BA5}.Debug|Any CPU.ActiveCfg = Debug|Any CPU
		{3AADFFAF-8239-42F2-BA32-B4D3F2450BA5}.Debug|Any CPU.Build.0 = Debug|Any CPU
		{3AADFFAF-8239-42F2-BA32-B4D3F2450BA5}.Release|Any CPU.ActiveCfg = Release|Any CPU
		{3AADFFAF-8239-42F2-BA32-B4D3F2450BA5}.Release|Any CPU.Build.0 = Release|Any CPU
		{75A454EA-EC5A-4417-8AB5-2A08F7C4D65C}.Debug|Any CPU.ActiveCfg = Debug|Any CPU
		{75A454EA-EC5A-4417-8AB5-2A08F7C4D65C}.Debug|Any CPU.Build.0 = Debug|Any CPU
		{75A454EA-EC5A-4417-8AB5-2A08F7C4D65C}.Release|Any CPU.ActiveCfg = Release|Any CPU
		{75A454EA-EC5A-4417-8AB5-2A08F7C4D65C}.Release|Any CPU.Build.0 = Release|Any CPU
		{0DD5045D-802C-4458-AD35-DD3B814ECB7C}.Debug|Any CPU.ActiveCfg = Debug|Any CPU
		{0DD5045D-802C-4458-AD35-DD3B814ECB7C}.Debug|Any CPU.Build.0 = Debug|Any CPU
		{0DD5045D-802C-4458-AD35-DD3B814ECB7C}.Release|Any CPU.ActiveCfg = Release|Any CPU
		{0DD5045D-802C-4458-AD35-DD3B814ECB7C}.Release|Any CPU.Build.0 = Release|Any CPU
		{64270EDF-8B7E-4811-8B0B-37E1A26BE7F5}.Debug|Any CPU.ActiveCfg = Debug|Any CPU
		{64270EDF-8B7E-4811-8B0B-37E1A26BE7F5}.Debug|Any CPU.Build.0 = Debug|Any CPU
		{64270EDF-8B7E-4811-8B0B-37E1A26BE7F5}.Release|Any CPU.ActiveCfg = Release|Any CPU
		{64270EDF-8B7E-4811-8B0B-37E1A26BE7F5}.Release|Any CPU.Build.0 = Release|Any CPU
		{E74C3FB4-A23D-44DA-A749-0A7851EA23C8}.Debug|Any CPU.ActiveCfg = Debug|Any CPU
		{E74C3FB4-A23D-44DA-A749-0A7851EA23C8}.Debug|Any CPU.Build.0 = Debug|Any CPU
		{E74C3FB4-A23D-44DA-A749-0A7851EA23C8}.Release|Any CPU.ActiveCfg = Release|Any CPU
		{E74C3FB4-A23D-44DA-A749-0A7851EA23C8}.Release|Any CPU.Build.0 = Release|Any CPU
		{80A698EB-7AE6-43EE-ADF5-6BBCA82D7E91}.Debug|Any CPU.ActiveCfg = Debug|Any CPU
		{80A698EB-7AE6-43EE-ADF5-6BBCA82D7E91}.Debug|Any CPU.Build.0 = Debug|Any CPU
		{80A698EB-7AE6-43EE-ADF5-6BBCA82D7E91}.Release|Any CPU.ActiveCfg = Release|Any CPU
		{80A698EB-7AE6-43EE-ADF5-6BBCA82D7E91}.Release|Any CPU.Build.0 = Release|Any CPU
		{A6B8D658-B42A-438F-950F-042D7388F07A}.Debug|Any CPU.ActiveCfg = Debug|Any CPU
		{A6B8D658-B42A-438F-950F-042D7388F07A}.Debug|Any CPU.Build.0 = Debug|Any CPU
		{A6B8D658-B42A-438F-950F-042D7388F07A}.Release|Any CPU.ActiveCfg = Release|Any CPU
		{A6B8D658-B42A-438F-950F-042D7388F07A}.Release|Any CPU.Build.0 = Release|Any CPU
		{D3D1B118-1657-460D-A683-E6C77910E387}.Debug|Any CPU.ActiveCfg = Debug|Any CPU
		{D3D1B118-1657-460D-A683-E6C77910E387}.Debug|Any CPU.Build.0 = Debug|Any CPU
		{D3D1B118-1657-460D-A683-E6C77910E387}.Release|Any CPU.ActiveCfg = Release|Any CPU
		{D3D1B118-1657-460D-A683-E6C77910E387}.Release|Any CPU.Build.0 = Release|Any CPU
		{5CE3BDA8-00A8-4934-9A78-2AD4BF0E9746}.Debug|Any CPU.ActiveCfg = Debug|Any CPU
		{5CE3BDA8-00A8-4934-9A78-2AD4BF0E9746}.Debug|Any CPU.Build.0 = Debug|Any CPU
		{5CE3BDA8-00A8-4934-9A78-2AD4BF0E9746}.Release|Any CPU.ActiveCfg = Release|Any CPU
		{5CE3BDA8-00A8-4934-9A78-2AD4BF0E9746}.Release|Any CPU.Build.0 = Release|Any CPU
		{1BF6DF35-C38D-4A61-B238-ECCA3C4447B6}.Debug|Any CPU.ActiveCfg = Debug|Any CPU
		{1BF6DF35-C38D-4A61-B238-ECCA3C4447B6}.Debug|Any CPU.Build.0 = Debug|Any CPU
		{1BF6DF35-C38D-4A61-B238-ECCA3C4447B6}.Release|Any CPU.ActiveCfg = Release|Any CPU
		{1BF6DF35-C38D-4A61-B238-ECCA3C4447B6}.Release|Any CPU.Build.0 = Release|Any CPU
		{79307AA6-6EB7-4DDD-A7AD-60E88860E855}.Debug|Any CPU.ActiveCfg = Debug|Any CPU
		{79307AA6-6EB7-4DDD-A7AD-60E88860E855}.Debug|Any CPU.Build.0 = Debug|Any CPU
		{79307AA6-6EB7-4DDD-A7AD-60E88860E855}.Release|Any CPU.ActiveCfg = Release|Any CPU
		{79307AA6-6EB7-4DDD-A7AD-60E88860E855}.Release|Any CPU.Build.0 = Release|Any CPU
		{77E02B03-B105-442D-80F4-A55EEFE42F0D}.Debug|Any CPU.ActiveCfg = Debug|Any CPU
		{77E02B03-B105-442D-80F4-A55EEFE42F0D}.Debug|Any CPU.Build.0 = Debug|Any CPU
		{77E02B03-B105-442D-80F4-A55EEFE42F0D}.Release|Any CPU.ActiveCfg = Release|Any CPU
		{77E02B03-B105-442D-80F4-A55EEFE42F0D}.Release|Any CPU.Build.0 = Release|Any CPU
		{92A6390C-A7AE-4C29-AD59-94826F05193F}.Debug|Any CPU.ActiveCfg = Debug|Any CPU
		{92A6390C-A7AE-4C29-AD59-94826F05193F}.Debug|Any CPU.Build.0 = Debug|Any CPU
		{92A6390C-A7AE-4C29-AD59-94826F05193F}.Release|Any CPU.ActiveCfg = Release|Any CPU
		{92A6390C-A7AE-4C29-AD59-94826F05193F}.Release|Any CPU.Build.0 = Release|Any CPU
		{79FB71C5-A67E-48CA-AB9E-FAF587FD058C}.Debug|Any CPU.ActiveCfg = Debug|Any CPU
		{79FB71C5-A67E-48CA-AB9E-FAF587FD058C}.Debug|Any CPU.Build.0 = Debug|Any CPU
		{79FB71C5-A67E-48CA-AB9E-FAF587FD058C}.Release|Any CPU.ActiveCfg = Release|Any CPU
		{79FB71C5-A67E-48CA-AB9E-FAF587FD058C}.Release|Any CPU.Build.0 = Release|Any CPU
		{0970EFE2-42ED-45AD-9045-33313637BBD6}.Debug|Any CPU.ActiveCfg = Debug|Any CPU
		{0970EFE2-42ED-45AD-9045-33313637BBD6}.Debug|Any CPU.Build.0 = Debug|Any CPU
		{0970EFE2-42ED-45AD-9045-33313637BBD6}.Release|Any CPU.ActiveCfg = Release|Any CPU
		{0970EFE2-42ED-45AD-9045-33313637BBD6}.Release|Any CPU.Build.0 = Release|Any CPU
		{F92AE5AB-27F0-4B7D-8058-B95FBBE748D5}.Debug|Any CPU.ActiveCfg = Debug|Any CPU
		{F92AE5AB-27F0-4B7D-8058-B95FBBE748D5}.Debug|Any CPU.Build.0 = Debug|Any CPU
		{F92AE5AB-27F0-4B7D-8058-B95FBBE748D5}.Release|Any CPU.ActiveCfg = Release|Any CPU
		{F92AE5AB-27F0-4B7D-8058-B95FBBE748D5}.Release|Any CPU.Build.0 = Release|Any CPU
		{27690B05-E3A5-4654-8435-16878C93298A}.Debug|Any CPU.ActiveCfg = Debug|Any CPU
		{27690B05-E3A5-4654-8435-16878C93298A}.Debug|Any CPU.Build.0 = Debug|Any CPU
		{27690B05-E3A5-4654-8435-16878C93298A}.Release|Any CPU.ActiveCfg = Release|Any CPU
		{27690B05-E3A5-4654-8435-16878C93298A}.Release|Any CPU.Build.0 = Release|Any CPU
		{424AADCF-5D60-49F1-BD06-B7128374EF77}.Debug|Any CPU.ActiveCfg = Debug|Any CPU
		{424AADCF-5D60-49F1-BD06-B7128374EF77}.Debug|Any CPU.Build.0 = Debug|Any CPU
		{424AADCF-5D60-49F1-BD06-B7128374EF77}.Release|Any CPU.ActiveCfg = Release|Any CPU
		{424AADCF-5D60-49F1-BD06-B7128374EF77}.Release|Any CPU.Build.0 = Release|Any CPU
	EndGlobalSection
	GlobalSection(SolutionProperties) = preSolution
		HideSolutionNode = FALSE
	EndGlobalSection
	GlobalSection(ExtensibilityGlobals) = postSolution
		SolutionGuid = {0F154B00-5734-43D2-8C81-CE3470F36557}
	EndGlobalSection
EndGlobal
